
Microsoft Visual Studio Solution File, Format Version 12.00
# Visual Studio Version 16
VisualStudioVersion = 16.0.30413.136
MinimumVisualStudioVersion = 10.0.40219.1
Project("{FAE04EC0-301F-11D3-BF4B-00C04F79EFBC}") = "Proyecto final(Consola)", "Proyecto final(Consola)\Proyecto final(Consola).csproj", "{E90B4043-0BBB-44B7-9FD8-16C7FBB328E4}"
EndProject
Global
	GlobalSection(SolutionConfigurationPlatforms) = preSolution
		Debug|Any CPU = Debug|Any CPU
		Release|Any CPU = Release|Any CPU
	EndGlobalSection
	GlobalSection(ProjectConfigurationPlatforms) = postSolution
		{E90B4043-0BBB-44B7-9FD8-16C7FBB328E4}.Debug|Any CPU.ActiveCfg = Debug|Any CPU
		{E90B4043-0BBB-44B7-9FD8-16C7FBB328E4}.Debug|Any CPU.Build.0 = Debug|Any CPU
		{E90B4043-0BBB-44B7-9FD8-16C7FBB328E4}.Release|Any CPU.ActiveCfg = Release|Any CPU
		{E90B4043-0BBB-44B7-9FD8-16C7FBB328E4}.Release|Any CPU.Build.0 = Release|Any CPU
	EndGlobalSection
	GlobalSection(SolutionProperties) = preSolution
		HideSolutionNode = FALSE
	EndGlobalSection
	GlobalSection(ExtensibilityGlobals) = postSolution
		SolutionGuid = {9112EE65-7BE5-44C7-AD42-ABB606DFFD01}
	EndGlobalSection
EndGlobal
